
Microsoft Visual Studio Solution File, Format Version 12.00
# Visual Studio Version 16
VisualStudioVersion = 16.0.30907.101
MinimumVisualStudioVersion = 10.0.40219.1
Project("{FAE04EC0-301F-11D3-BF4B-00C04F79EFBC}") = "MvcYeniKale1", "MvcYeniKale1\MvcYeniKale1.csproj", "{D9D9D79F-64E2-412F-A03A-24B0C862CE9F}"
EndProject
Global
	GlobalSection(SolutionConfigurationPlatforms) = preSolution
		Debug|Any CPU = Debug|Any CPU
		Release|Any CPU = Release|Any CPU
	EndGlobalSection
	GlobalSection(ProjectConfigurationPlatforms) = postSolution
		{D9D9D79F-64E2-412F-A03A-24B0C862CE9F}.Debug|Any CPU.ActiveCfg = Debug|Any CPU
		{D9D9D79F-64E2-412F-A03A-24B0C862CE9F}.Debug|Any CPU.Build.0 = Debug|Any CPU
		{D9D9D79F-64E2-412F-A03A-24B0C862CE9F}.Release|Any CPU.ActiveCfg = Release|Any CPU
		{D9D9D79F-64E2-412F-A03A-24B0C862CE9F}.Release|Any CPU.Build.0 = Release|Any CPU
	EndGlobalSection
	GlobalSection(SolutionProperties) = preSolution
		HideSolutionNode = FALSE
	EndGlobalSection
	GlobalSection(ExtensibilityGlobals) = postSolution
		SolutionGuid = {36518A0B-7F05-4595-89F0-82D897C291AA}
	EndGlobalSection
EndGlobal
